
Microsoft Visual Studio Solution File, Format Version 12.00
# Visual Studio Version 16
VisualStudioVersion = 16.0.30114.105
MinimumVisualStudioVersion = 10.0.40219.1
Project("{FAE04EC0-301F-11D3-BF4B-00C04F79EFBC}") = "UDP即時通", "UDP即時通.csproj", "{A121F5AA-0AB5-4F0E-AA21-F6F98628FCC3}"
EndProject
Global
	GlobalSection(SolutionConfigurationPlatforms) = preSolution
		Debug|Any CPU = Debug|Any CPU
		Release|Any CPU = Release|Any CPU
	EndGlobalSection
	GlobalSection(ProjectConfigurationPlatforms) = postSolution
		{A121F5AA-0AB5-4F0E-AA21-F6F98628FCC3}.Debug|Any CPU.ActiveCfg = Debug|Any CPU
		{A121F5AA-0AB5-4F0E-AA21-F6F98628FCC3}.Debug|Any CPU.Build.0 = Debug|Any CPU
		{A121F5AA-0AB5-4F0E-AA21-F6F98628FCC3}.Release|Any CPU.ActiveCfg = Release|Any CPU
		{A121F5AA-0AB5-4F0E-AA21-F6F98628FCC3}.Release|Any CPU.Build.0 = Release|Any CPU
	EndGlobalSection
	GlobalSection(SolutionProperties) = preSolution
		HideSolutionNode = FALSE
	EndGlobalSection
	GlobalSection(ExtensibilityGlobals) = postSolution
		SolutionGuid = {EBDD1F5C-8766-49F5-AB98-3AE94A7AF640}
	EndGlobalSection
EndGlobal
