
Microsoft Visual Studio Solution File, Format Version 12.00
# Visual Studio Version 16
VisualStudioVersion = 16.0.30114.105
MinimumVisualStudioVersion = 10.0.40219.1
Project("{FAE04EC0-301F-11D3-BF4B-00C04F79EFBC}") = "伺服器端", "伺服器端.csproj", "{992B97D3-40D9-4BAA-A4A0-DBFD028C4E31}"
EndProject
Global
	GlobalSection(SolutionConfigurationPlatforms) = preSolution
		Debug|Any CPU = Debug|Any CPU
		Release|Any CPU = Release|Any CPU
	EndGlobalSection
	GlobalSection(ProjectConfigurationPlatforms) = postSolution
		{992B97D3-40D9-4BAA-A4A0-DBFD028C4E31}.Debug|Any CPU.ActiveCfg = Debug|Any CPU
		{992B97D3-40D9-4BAA-A4A0-DBFD028C4E31}.Debug|Any CPU.Build.0 = Debug|Any CPU
		{992B97D3-40D9-4BAA-A4A0-DBFD028C4E31}.Release|Any CPU.ActiveCfg = Release|Any CPU
		{992B97D3-40D9-4BAA-A4A0-DBFD028C4E31}.Release|Any CPU.Build.0 = Release|Any CPU
	EndGlobalSection
	GlobalSection(SolutionProperties) = preSolution
		HideSolutionNode = FALSE
	EndGlobalSection
	GlobalSection(ExtensibilityGlobals) = postSolution
		SolutionGuid = {697DD84D-75F7-40F2-96D6-959F9C92D93D}
	EndGlobalSection
EndGlobal
