
Microsoft Visual Studio Solution File, Format Version 12.00
# Visual Studio Version 16
VisualStudioVersion = 16.0.30114.105
MinimumVisualStudioVersion = 10.0.40219.1
Project("{FAE04EC0-301F-11D3-BF4B-00C04F79EFBC}") = "使用者端", "使用者端.csproj", "{13994671-601A-4B75-8214-2465B9714803}"
EndProject
Global
	GlobalSection(SolutionConfigurationPlatforms) = preSolution
		Debug|Any CPU = Debug|Any CPU
		Release|Any CPU = Release|Any CPU
	EndGlobalSection
	GlobalSection(ProjectConfigurationPlatforms) = postSolution
		{13994671-601A-4B75-8214-2465B9714803}.Debug|Any CPU.ActiveCfg = Debug|Any CPU
		{13994671-601A-4B75-8214-2465B9714803}.Debug|Any CPU.Build.0 = Debug|Any CPU
		{13994671-601A-4B75-8214-2465B9714803}.Release|Any CPU.ActiveCfg = Release|Any CPU
		{13994671-601A-4B75-8214-2465B9714803}.Release|Any CPU.Build.0 = Release|Any CPU
	EndGlobalSection
	GlobalSection(SolutionProperties) = preSolution
		HideSolutionNode = FALSE
	EndGlobalSection
	GlobalSection(ExtensibilityGlobals) = postSolution
		SolutionGuid = {5260FF7D-7B48-45D6-BA6A-B91C36E80B9E}
	EndGlobalSection
EndGlobal
